
Microsoft Visual Studio Solution File, Format Version 12.00
# Visual Studio Version 17
VisualStudioVersion = 17.3.32922.545
MinimumVisualStudioVersion = 10.0.40219.1
Project("{9A19103F-16F7-4668-BE54-9A1E7A4F7556}") = "Method.exercise", "Method.exercise\Method.exercise.csproj", "{98374D47-0722-44A4-879D-A4F55DC9FC22}"
EndProject
Project("{9A19103F-16F7-4668-BE54-9A1E7A4F7556}") = "Exercises", "Exercises\Exercises.csproj", "{D963990C-7C5F-4C77-A3D1-F7C62585E0E4}"
EndProject
Global
	GlobalSection(SolutionConfigurationPlatforms) = preSolution
		Debug|Any CPU = Debug|Any CPU
		Release|Any CPU = Release|Any CPU
	EndGlobalSection
	GlobalSection(ProjectConfigurationPlatforms) = postSolution
		{98374D47-0722-44A4-879D-A4F55DC9FC22}.Debug|Any CPU.ActiveCfg = Debug|Any CPU
		{98374D47-0722-44A4-879D-A4F55DC9FC22}.Debug|Any CPU.Build.0 = Debug|Any CPU
		{98374D47-0722-44A4-879D-A4F55DC9FC22}.Release|Any CPU.ActiveCfg = Release|Any CPU
		{98374D47-0722-44A4-879D-A4F55DC9FC22}.Release|Any CPU.Build.0 = Release|Any CPU
		{D963990C-7C5F-4C77-A3D1-F7C62585E0E4}.Debug|Any CPU.ActiveCfg = Debug|Any CPU
		{D963990C-7C5F-4C77-A3D1-F7C62585E0E4}.Debug|Any CPU.Build.0 = Debug|Any CPU
		{D963990C-7C5F-4C77-A3D1-F7C62585E0E4}.Release|Any CPU.ActiveCfg = Release|Any CPU
		{D963990C-7C5F-4C77-A3D1-F7C62585E0E4}.Release|Any CPU.Build.0 = Release|Any CPU
	EndGlobalSection
	GlobalSection(SolutionProperties) = preSolution
		HideSolutionNode = FALSE
	EndGlobalSection
	GlobalSection(ExtensibilityGlobals) = postSolution
		SolutionGuid = {B2EA16BF-F458-4FAE-A8E2-A1AB92C1457F}
	EndGlobalSection
EndGlobal
